{
  "version": 4,
  "terraform_version": "1.5.2",
  "serial": 30,
  "lineage": "22201cdd-a7fe-8284-d8ed-b3ad59e026af",
  "outputs": {},
  "resources": [
    {
      "mode": "data",
      "type": "hcloud_network",
      "name": "network",
      "provider": "provider[\"registry.terraform.io/hetznercloud/hcloud\"]",
      "instances": [
        {
          "schema_version": 0,
          "attributes": {
            "delete_protection": false,
            "expose_routes_to_vswitch": false,
            "id": 3259628,
            "ip_range": "10.0.0.0/16",
            "labels": {},
            "most_recent": null,
            "name": "tic_network",
            "with_selector": null
          },
          "sensitive_attributes": []
        }
      ]
    },
    {
      "mode": "data",
      "type": "hcloud_primary_ip",
      "name": "primary_ip_1",
      "provider": "provider[\"registry.terraform.io/hetznercloud/hcloud\"]",
      "instances": [
        {
          "schema_version": 0,
          "attributes": {
            "assignee_id": 36231209,
            "assignee_type": "server",
            "auto_delete": false,
            "datacenter": "ash-dc1",
            "delete_protection": false,
            "id": 37692450,
            "ip_address": "5.161.229.210",
            "ip_network": null,
            "labels": {
              "ENV": "dev-tic"
            },
            "name": "tic_primary_ip",
            "type": "ipv4",
            "with_selector": null
          },
          "sensitive_attributes": []
        }
      ]
    },
    {
      "mode": "data",
      "type": "hcloud_ssh_key",
      "name": "default",
      "provider": "provider[\"registry.terraform.io/hetznercloud/hcloud\"]",
      "instances": [
        {
          "schema_version": 0,
          "attributes": {
            "fingerprint": "fc:ad:d3:84:0e:39:40:26:d8:08:16:89:7a:15:92:0a",
            "id": 14530223,
            "labels": {},
            "name": "ssh_key",
            "public_key": "ssh-rsa AAAAB3NzaC1yc2EAAAADAQABAAABgQD3TorZv7A4seEOr+7mcxYNUMoHgR3PUCnuR86IBOF2oxlnPznVY0PovNqiyq/cV9bN10FR/+hWmYaVOM2XwRdymf/AXtiIVMbu/pg5bnUL1zQt2KWRr/zzjN7AU0j5IV8klXgVKpy2AkPBrPITMZ9QCinVuJZ1RRU8lBtjlo6Tp9eGARSr/l4EmvCj28PWVMO6S4PsVdb24FyKbWn99fpnt/85CJvan9/G9Dt2WFRfnNoMsxQYHG/ky/lSRJsL9lPXPE3G0ePNOhPDUiuVmUbzH0juWrCIGy+Jg3tnqxt1ZiHsAN5EKapbNKjKsYOJo9qO+nzw+dgVsPVGaq57m/4mDpBcivuB8GQOeJux5tbx2wYLZsC3b/vBVkbW3173kEtz0DvDlG1gmEtJXA7/HDUhozkAyVMJ3+r5lxH+3BUqUJWgFkCXM9vhoqMMVgscGkr25TfR5APpfcZv5UyBZO7Zp19m4auUGKhj5t0nyNytekxa9j+QQxcAVSclBTJWAk8= nandinip@nandinip-Latitude-5521\n",
            "selector": null,
            "with_selector": null
          },
          "sensitive_attributes": []
        }
      ]
    },
    {
      "mode": "managed",
      "type": "hcloud_firewall",
      "name": "database_myfirewall",
      "provider": "provider[\"registry.terraform.io/hetznercloud/hcloud\"]",
      "instances": [
        {
          "schema_version": 0,
          "attributes": {
            "apply_to": [],
            "id": "1024644",
            "labels": {},
            "name": "tic-database-firewall",
            "rule": [
              {
                "description": "",
                "destination_ips": [],
                "direction": "in",
                "port": "27017",
                "protocol": "tcp",
                "source_ips": [
                  "5.161.229.210/32"
                ]
              },
              {
                "description": "",
                "destination_ips": [],
                "direction": "in",
                "port": "3306",
                "protocol": "tcp",
                "source_ips": [
                  "5.161.229.210/32"
                ]
              }
            ]
          },
          "sensitive_attributes": [],
          "private": "bnVsbA==",
          "dependencies": [
            "data.hcloud_primary_ip.primary_ip_1"
          ]
        }
      ]
    },
    {
      "mode": "managed",
      "type": "hcloud_firewall_attachment",
      "name": "fw_db_server_att",
      "provider": "provider[\"registry.terraform.io/hetznercloud/hcloud\"]",
      "instances": [
        {
          "schema_version": 0,
          "attributes": {
            "firewall_id": 1024644,
            "id": "1024644",
            "label_selectors": null,
            "server_ids": [
              36231328
            ]
          },
          "sensitive_attributes": [],
          "private": "bnVsbA==",
          "dependencies": [
            "data.hcloud_primary_ip.primary_ip_1",
            "data.hcloud_ssh_key.default",
            "hcloud_firewall.database_myfirewall",
            "hcloud_primary_ip.database_primary_ip_1",
            "hcloud_server.database_server"
          ]
        }
      ]
    },
    {
      "mode": "managed",
      "type": "hcloud_primary_ip",
      "name": "database_primary_ip_1",
      "provider": "provider[\"registry.terraform.io/hetznercloud/hcloud\"]",
      "instances": [
        {
          "schema_version": 0,
          "attributes": {
            "assignee_id": 0,
            "assignee_type": "server",
            "auto_delete": false,
            "datacenter": "ash-dc1",
            "delete_protection": false,
            "id": "37692668",
            "ip_address": "5.161.78.14",
            "ip_network": null,
            "labels": {
              "ENV": "dev-tic"
            },
            "name": "tic-database-primary-ip",
            "type": "ipv4"
          },
          "sensitive_attributes": [],
          "private": "bnVsbA==",
          "dependencies": [
            "data.hcloud_primary_ip.primary_ip_1",
            "hcloud_firewall.database_myfirewall"
          ]
        }
      ]
    },
    {
      "mode": "managed",
      "type": "hcloud_server",
      "name": "database_server",
      "provider": "provider[\"registry.terraform.io/hetznercloud/hcloud\"]",
      "instances": [
        {
          "schema_version": 0,
          "attributes": {
            "allow_deprecated_images": false,
            "backup_window": "",
            "backups": false,
            "datacenter": "ash-dc1",
            "delete_protection": false,
            "firewall_ids": [],
            "id": "36231328",
            "ignore_remote_firewall_ids": false,
            "image": "docker-ce",
            "ipv4_address": "5.161.78.14",
            "ipv6_address": "2a01:4ff:f0:86ea::1",
            "ipv6_network": "2a01:4ff:f0:86ea::/64",
            "iso": null,
            "keep_disk": false,
            "labels": {
              "ENV": "dev-tic"
            },
            "location": "ash",
            "name": "tic-database-server",
            "network": [],
            "placement_group_id": null,
            "public_net": [
              {
                "ipv4": 37692668,
                "ipv4_enabled": true,
                "ipv6": 0,
                "ipv6_enabled": true
              }
            ],
            "rebuild_protection": false,
            "rescue": null,
            "server_type": "cpx11",
            "ssh_keys": [
              "14530223"
            ],
            "status": "running",
            "timeouts": null,
            "user_data": null
          },
          "sensitive_attributes": [],
          "private": "eyJlMmJmYjczMC1lY2FhLTExZTYtOGY4OC0zNDM2M2JjN2M0YzAiOnsiY3JlYXRlIjo1NDAwMDAwMDAwMDAwfX0=",
          "dependencies": [
            "data.hcloud_primary_ip.primary_ip_1",
            "data.hcloud_ssh_key.default",
            "hcloud_firewall.database_myfirewall",
            "hcloud_primary_ip.database_primary_ip_1"
          ]
        }
      ]
    },
    {
      "mode": "managed",
      "type": "hcloud_server_network",
      "name": "db_srv_network",
      "provider": "provider[\"registry.terraform.io/hetznercloud/hcloud\"]",
      "instances": [
        {
          "schema_version": 0,
          "attributes": {
            "alias_ips": null,
            "id": "36231328-3259628",
            "ip": "10.0.1.6",
            "mac_address": "86:00:00:57:fb:91",
            "network_id": 3259628,
            "server_id": 36231328,
            "subnet_id": null
          },
          "sensitive_attributes": [],
          "private": "bnVsbA==",
          "dependencies": [
            "data.hcloud_network.network",
            "data.hcloud_primary_ip.primary_ip_1",
            "data.hcloud_ssh_key.default",
            "hcloud_firewall.database_myfirewall",
            "hcloud_primary_ip.database_primary_ip_1",
            "hcloud_server.database_server"
          ]
        }
      ]
    },
    {
      "mode": "managed",
      "type": "hcloud_volume",
      "name": "db_server_volume",
      "provider": "provider[\"registry.terraform.io/hetznercloud/hcloud\"]",
      "instances": [
        {
          "schema_version": 0,
          "attributes": {
            "automount": true,
            "delete_protection": false,
            "format": "ext4",
            "id": "35974077",
            "labels": null,
            "linux_device": "/dev/disk/by-id/scsi-0HC_Volume_35974077",
            "location": "ash",
            "name": "db-volume1",
            "server_id": 36231328,
            "size": 10
          },
          "sensitive_attributes": [],
          "private": "bnVsbA==",
          "dependencies": [
            "data.hcloud_primary_ip.primary_ip_1",
            "data.hcloud_ssh_key.default",
            "hcloud_firewall.database_myfirewall",
            "hcloud_primary_ip.database_primary_ip_1",
            "hcloud_server.database_server"
          ]
        }
      ]
    }
  ],
  "check_results": null
}
