{
  "version": 4,
  "terraform_version": "1.5.2",
  "serial": 27,
  "lineage": "923ddec3-33e3-4d86-6e23-4f15ff31989d",
  "outputs": {},
  "resources": [
    {
      "mode": "managed",
      "type": "hcloud_network",
      "name": "network",
      "provider": "provider[\"registry.terraform.io/hetznercloud/hcloud\"]",
      "instances": [
        {
          "schema_version": 0,
          "attributes": {
            "delete_protection": false,
            "expose_routes_to_vswitch": false,
            "id": "3259628",
            "ip_range": "10.0.0.0/16",
            "labels": {},
            "name": "tic_network"
          },
          "sensitive_attributes": [],
          "private": "bnVsbA==",
          "dependencies": [
            "hcloud_ssh_key.default"
          ]
        }
      ]
    },
    {
      "mode": "managed",
      "type": "hcloud_network_subnet",
      "name": "network_subnet",
      "provider": "provider[\"registry.terraform.io/hetznercloud/hcloud\"]",
      "instances": [
        {
          "schema_version": 0,
          "attributes": {
            "gateway": "10.0.0.1",
            "id": "3259628-10.0.1.0/24",
            "ip_range": "10.0.1.0/24",
            "network_id": 3259628,
            "network_zone": "us-east",
            "type": "cloud",
            "vswitch_id": null
          },
          "sensitive_attributes": [],
          "private": "bnVsbA==",
          "dependencies": [
            "hcloud_network.network",
            "hcloud_ssh_key.default"
          ]
        }
      ]
    },
    {
      "mode": "managed",
      "type": "hcloud_ssh_key",
      "name": "default",
      "provider": "provider[\"registry.terraform.io/hetznercloud/hcloud\"]",
      "instances": [
        {
          "schema_version": 0,
          "attributes": {
            "fingerprint": "fc:ad:d3:84:0e:39:40:26:d8:08:16:89:7a:15:92:0a",
            "id": "14530223",
            "labels": {},
            "name": "ssh_key",
            "public_key": "ssh-rsa AAAAB3NzaC1yc2EAAAADAQABAAABgQD3TorZv7A4seEOr+7mcxYNUMoHgR3PUCnuR86IBOF2oxlnPznVY0PovNqiyq/cV9bN10FR/+hWmYaVOM2XwRdymf/AXtiIVMbu/pg5bnUL1zQt2KWRr/zzjN7AU0j5IV8klXgVKpy2AkPBrPITMZ9QCinVuJZ1RRU8lBtjlo6Tp9eGARSr/l4EmvCj28PWVMO6S4PsVdb24FyKbWn99fpnt/85CJvan9/G9Dt2WFRfnNoMsxQYHG/ky/lSRJsL9lPXPE3G0ePNOhPDUiuVmUbzH0juWrCIGy+Jg3tnqxt1ZiHsAN5EKapbNKjKsYOJo9qO+nzw+dgVsPVGaq57m/4mDpBcivuB8GQOeJux5tbx2wYLZsC3b/vBVkbW3173kEtz0DvDlG1gmEtJXA7/HDUhozkAyVMJ3+r5lxH+3BUqUJWgFkCXM9vhoqMMVgscGkr25TfR5APpfcZv5UyBZO7Zp19m4auUGKhj5t0nyNytekxa9j+QQxcAVSclBTJWAk8= nandinip@nandinip-Latitude-5521\n"
          },
          "sensitive_attributes": [],
          "private": "bnVsbA=="
        }
      ]
    }
  ],
  "check_results": null
}
